
Microsoft Visual Studio Solution File, Format Version 12.00
# Visual Studio 15
VisualStudioVersion = 15.0.28010.2036
MinimumVisualStudioVersion = 10.0.40219.1
Project("{9A19103F-16F7-4668-BE54-9A1E7A4F7556}") = "srp1", "SOLID-S\solid-programming-b5643e650b4be8d211e3a879afa50da5d1af8057\srp\srp1.csproj", "{0BC13E86-2791-432F-AA86-67E3988A67CB}"
EndProject
Project("{9A19103F-16F7-4668-BE54-9A1E7A4F7556}") = "srp2", "SOLID-S\solid-programming-01f771486653f31e8b37c58220e2afec7693d64d\srp\srp2.csproj", "{D3E2B134-F943-4FD9-8AF2-E3A2ED68EAB0}"
EndProject
Project("{9A19103F-16F7-4668-BE54-9A1E7A4F7556}") = "srp3", "SOLID-S\solid-programming-802ae13c361488275713e4ad0dc5990f4ce39fb1\srp\srp3.csproj", "{25E74405-E859-4A5B-8429-B70B3C1CD2CE}"
EndProject
Project("{9A19103F-16F7-4668-BE54-9A1E7A4F7556}") = "srp4", "SOLID-S\solid-programming-e1ebacff7791d04177070999c6cd5dd6b83e1f34\srp\srp4.csproj", "{00FD737E-3AF7-42FE-AD4B-32A310765F01}"
EndProject
Project("{9A19103F-16F7-4668-BE54-9A1E7A4F7556}") = "srp5", "SOLID-S\solid-programming-b3184852f1178e382a479ed28d3708f67bebc1b2\srp\srp5.csproj", "{B72CF483-2690-498B-9146-813A2A7E7B2A}"
EndProject
Project("{9A19103F-16F7-4668-BE54-9A1E7A4F7556}") = "srp6", "SOLID-S\solid-programming-8ca166218c1ef9d7a4734461ffb8482ea0f1aec9\srp\srp6.csproj", "{CF34BD3B-9082-4229-A832-11068C69B9A4}"
EndProject
Project("{2150E333-8FDC-42A3-9474-1A3956D46DE8}") = "1-SingleResponsibilityPrinciple", "1-SingleResponsibilityPrinciple", "{8B0F6FD0-BDD9-4D69-A5E8-0328FAFE7950}"
EndProject
Project("{2150E333-8FDC-42A3-9474-1A3956D46DE8}") = "2-Open-ClosedPrinciple", "2-Open-ClosedPrinciple", "{98E00225-7C87-4488-8770-9264D366724A}"
EndProject
Project("{9A19103F-16F7-4668-BE54-9A1E7A4F7556}") = "ocp1", "SOLID-O\solid-programming-8b5f518cc679c4c49f097627b0a2d83e4d2675c5\ocp\ocp1.csproj", "{3941827F-82A6-41B7-9346-FFDB8B227174}"
EndProject
Project("{9A19103F-16F7-4668-BE54-9A1E7A4F7556}") = "ocp2", "SOLID-O\solid-programming-d7aa8b562857ff8b430e754f4dc68cdcd98efaa5\ocp\ocp2.csproj", "{09E43E8B-EFB6-4F7A-8545-336F7391BC19}"
EndProject
Project("{9A19103F-16F7-4668-BE54-9A1E7A4F7556}") = "ocp3", "SOLID-O\solid-programming-c5ee549899b1092590aea82727a13260dfbf9cd4\ocp\ocp3.csproj", "{B44864B5-7BF6-4EA3-8F91-5601A78D25F2}"
EndProject
Project("{9A19103F-16F7-4668-BE54-9A1E7A4F7556}") = "ocp4", "SOLID-O\solid-programming-1dabd119fcddea5fc90b422ad7fd8b8936c45064\ocp\ocp4.csproj", "{018026D9-0CFA-4A6E-A5F5-F05EAEB446BB}"
EndProject
Project("{2150E333-8FDC-42A3-9474-1A3956D46DE8}") = "3-Liskov'sSubstitutionPrinciple", "3-Liskov'sSubstitutionPrinciple", "{0485560D-C46E-48C0-9FF3-2767B80207EC}"
EndProject
Project("{2150E333-8FDC-42A3-9474-1A3956D46DE8}") = "4-InterfaceSegregationPrinciple", "4-InterfaceSegregationPrinciple", "{37A96548-F23C-440C-A515-B7B51857891C}"
EndProject
Project("{2150E333-8FDC-42A3-9474-1A3956D46DE8}") = "5-DependencyInversionPrinciple", "5-DependencyInversionPrinciple", "{846F4DCB-C5DB-4058-9092-B97EA88CD7DC}"
EndProject
Project("{9A19103F-16F7-4668-BE54-9A1E7A4F7556}") = "lsp1", "SOLID-L\solid-programming-f19d75c686c26d54ae4718ee50e5141f1eb678e8\lsp\lsp1.csproj", "{3762C0CD-7828-4DD3-BC7B-3D7E2EFC5B88}"
EndProject
Project("{9A19103F-16F7-4668-BE54-9A1E7A4F7556}") = "lsp2", "SOLID-L\solid-programming-3a304ca92d472b72826428771c9c3cbb6335367c\lsp\lsp2.csproj", "{69FD7FBC-815B-44F9-A706-27574A33C6DE}"
EndProject
Project("{9A19103F-16F7-4668-BE54-9A1E7A4F7556}") = "lsp3", "SOLID-L\solid-programming-bd74bc2ed798b69b3229b49e3f0dd92198687119\lsp\lsp3.csproj", "{834955B5-3111-4F13-92AE-5FC522C168BB}"
EndProject
Project("{9A19103F-16F7-4668-BE54-9A1E7A4F7556}") = "isp1", "SOLID-I\solid-programming-4246affc1a8040544d8f808bac71f7802568acdc\isp\isp1.csproj", "{9FB503A1-14C0-4135-A13C-4F681B91567A}"
EndProject
Project("{9A19103F-16F7-4668-BE54-9A1E7A4F7556}") = "isp2", "SOLID-I\solid-programming-9c65c240205c10547ebb3be1b098880377b7db08\isp\isp2.csproj", "{B16198C3-A8D0-4AC9-9ABD-9C2D2C805391}"
EndProject
Project("{9A19103F-16F7-4668-BE54-9A1E7A4F7556}") = "isp3", "SOLID-I\solid-programming-83666bcc29cf676a0e14b08a618c4f400bc3d3e2\isp\isp3.csproj", "{50CAD6CC-FC69-4AA2-BC60-F4C4FFEF8341}"
EndProject
Project("{9A19103F-16F7-4668-BE54-9A1E7A4F7556}") = "isp4", "SOLID-I\solid-programming-75dd1ef57a10781026eb9eb8f96756ad3f7a347e\isp\isp4.csproj", "{A994F63E-9D4C-468A-8803-763191746B43}"
EndProject
Project("{9A19103F-16F7-4668-BE54-9A1E7A4F7556}") = "isp5", "SOLID-I\solid-programming-0bc6c3796084d0cf0eb997cb3196278431031092\isp\isp5.csproj", "{C7C4F378-F82D-45D6-AE9A-F7A405082D1D}"
EndProject
Project("{9A19103F-16F7-4668-BE54-9A1E7A4F7556}") = "isp6", "SOLID-I\solid-programming-635dfe7a47031671e6e573df7e7f22f49b8afa9d\isp\isp6.csproj", "{0A702464-5E4D-4CAB-917C-B4E3ABFF14C8}"
EndProject
Project("{9A19103F-16F7-4668-BE54-9A1E7A4F7556}") = "di1", "SOLID-D\solid-programming-565a8b76d52e9a5faf775eef72f3cfe0fe41c117\di\di1.csproj", "{CA530629-7932-43FE-85E9-ACD1CA801A22}"
EndProject
Project("{9A19103F-16F7-4668-BE54-9A1E7A4F7556}") = "di2", "SOLID-D\solid-programming-a21e0e99e17a7208c3e26a35b433ae9c1026c3af\di\di2.csproj", "{4657A68D-304D-4FF3-AAE9-924E12291DBC}"
EndProject
Global
	GlobalSection(SolutionConfigurationPlatforms) = preSolution
		Debug|Any CPU = Debug|Any CPU
		Release|Any CPU = Release|Any CPU
	EndGlobalSection
	GlobalSection(ProjectConfigurationPlatforms) = postSolution
		{0BC13E86-2791-432F-AA86-67E3988A67CB}.Debug|Any CPU.ActiveCfg = Debug|Any CPU
		{0BC13E86-2791-432F-AA86-67E3988A67CB}.Debug|Any CPU.Build.0 = Debug|Any CPU
		{0BC13E86-2791-432F-AA86-67E3988A67CB}.Release|Any CPU.ActiveCfg = Release|Any CPU
		{0BC13E86-2791-432F-AA86-67E3988A67CB}.Release|Any CPU.Build.0 = Release|Any CPU
		{D3E2B134-F943-4FD9-8AF2-E3A2ED68EAB0}.Debug|Any CPU.ActiveCfg = Debug|Any CPU
		{D3E2B134-F943-4FD9-8AF2-E3A2ED68EAB0}.Debug|Any CPU.Build.0 = Debug|Any CPU
		{D3E2B134-F943-4FD9-8AF2-E3A2ED68EAB0}.Release|Any CPU.ActiveCfg = Release|Any CPU
		{D3E2B134-F943-4FD9-8AF2-E3A2ED68EAB0}.Release|Any CPU.Build.0 = Release|Any CPU
		{25E74405-E859-4A5B-8429-B70B3C1CD2CE}.Debug|Any CPU.ActiveCfg = Debug|Any CPU
		{25E74405-E859-4A5B-8429-B70B3C1CD2CE}.Debug|Any CPU.Build.0 = Debug|Any CPU
		{25E74405-E859-4A5B-8429-B70B3C1CD2CE}.Release|Any CPU.ActiveCfg = Release|Any CPU
		{25E74405-E859-4A5B-8429-B70B3C1CD2CE}.Release|Any CPU.Build.0 = Release|Any CPU
		{00FD737E-3AF7-42FE-AD4B-32A310765F01}.Debug|Any CPU.ActiveCfg = Debug|Any CPU
		{00FD737E-3AF7-42FE-AD4B-32A310765F01}.Debug|Any CPU.Build.0 = Debug|Any CPU
		{00FD737E-3AF7-42FE-AD4B-32A310765F01}.Release|Any CPU.ActiveCfg = Release|Any CPU
		{00FD737E-3AF7-42FE-AD4B-32A310765F01}.Release|Any CPU.Build.0 = Release|Any CPU
		{B72CF483-2690-498B-9146-813A2A7E7B2A}.Debug|Any CPU.ActiveCfg = Debug|Any CPU
		{B72CF483-2690-498B-9146-813A2A7E7B2A}.Debug|Any CPU.Build.0 = Debug|Any CPU
		{B72CF483-2690-498B-9146-813A2A7E7B2A}.Release|Any CPU.ActiveCfg = Release|Any CPU
		{B72CF483-2690-498B-9146-813A2A7E7B2A}.Release|Any CPU.Build.0 = Release|Any CPU
		{CF34BD3B-9082-4229-A832-11068C69B9A4}.Debug|Any CPU.ActiveCfg = Debug|Any CPU
		{CF34BD3B-9082-4229-A832-11068C69B9A4}.Debug|Any CPU.Build.0 = Debug|Any CPU
		{CF34BD3B-9082-4229-A832-11068C69B9A4}.Release|Any CPU.ActiveCfg = Release|Any CPU
		{CF34BD3B-9082-4229-A832-11068C69B9A4}.Release|Any CPU.Build.0 = Release|Any CPU
		{3941827F-82A6-41B7-9346-FFDB8B227174}.Debug|Any CPU.ActiveCfg = Debug|Any CPU
		{3941827F-82A6-41B7-9346-FFDB8B227174}.Debug|Any CPU.Build.0 = Debug|Any CPU
		{3941827F-82A6-41B7-9346-FFDB8B227174}.Release|Any CPU.ActiveCfg = Release|Any CPU
		{3941827F-82A6-41B7-9346-FFDB8B227174}.Release|Any CPU.Build.0 = Release|Any CPU
		{09E43E8B-EFB6-4F7A-8545-336F7391BC19}.Debug|Any CPU.ActiveCfg = Debug|Any CPU
		{09E43E8B-EFB6-4F7A-8545-336F7391BC19}.Debug|Any CPU.Build.0 = Debug|Any CPU
		{09E43E8B-EFB6-4F7A-8545-336F7391BC19}.Release|Any CPU.ActiveCfg = Release|Any CPU
		{09E43E8B-EFB6-4F7A-8545-336F7391BC19}.Release|Any CPU.Build.0 = Release|Any CPU
		{B44864B5-7BF6-4EA3-8F91-5601A78D25F2}.Debug|Any CPU.ActiveCfg = Debug|Any CPU
		{B44864B5-7BF6-4EA3-8F91-5601A78D25F2}.Debug|Any CPU.Build.0 = Debug|Any CPU
		{B44864B5-7BF6-4EA3-8F91-5601A78D25F2}.Release|Any CPU.ActiveCfg = Release|Any CPU
		{B44864B5-7BF6-4EA3-8F91-5601A78D25F2}.Release|Any CPU.Build.0 = Release|Any CPU
		{018026D9-0CFA-4A6E-A5F5-F05EAEB446BB}.Debug|Any CPU.ActiveCfg = Debug|Any CPU
		{018026D9-0CFA-4A6E-A5F5-F05EAEB446BB}.Debug|Any CPU.Build.0 = Debug|Any CPU
		{018026D9-0CFA-4A6E-A5F5-F05EAEB446BB}.Release|Any CPU.ActiveCfg = Release|Any CPU
		{018026D9-0CFA-4A6E-A5F5-F05EAEB446BB}.Release|Any CPU.Build.0 = Release|Any CPU
		{3762C0CD-7828-4DD3-BC7B-3D7E2EFC5B88}.Debug|Any CPU.ActiveCfg = Debug|Any CPU
		{3762C0CD-7828-4DD3-BC7B-3D7E2EFC5B88}.Debug|Any CPU.Build.0 = Debug|Any CPU
		{3762C0CD-7828-4DD3-BC7B-3D7E2EFC5B88}.Release|Any CPU.ActiveCfg = Release|Any CPU
		{3762C0CD-7828-4DD3-BC7B-3D7E2EFC5B88}.Release|Any CPU.Build.0 = Release|Any CPU
		{69FD7FBC-815B-44F9-A706-27574A33C6DE}.Debug|Any CPU.ActiveCfg = Debug|Any CPU
		{69FD7FBC-815B-44F9-A706-27574A33C6DE}.Debug|Any CPU.Build.0 = Debug|Any CPU
		{69FD7FBC-815B-44F9-A706-27574A33C6DE}.Release|Any CPU.ActiveCfg = Release|Any CPU
		{69FD7FBC-815B-44F9-A706-27574A33C6DE}.Release|Any CPU.Build.0 = Release|Any CPU
		{834955B5-3111-4F13-92AE-5FC522C168BB}.Debug|Any CPU.ActiveCfg = Debug|Any CPU
		{834955B5-3111-4F13-92AE-5FC522C168BB}.Debug|Any CPU.Build.0 = Debug|Any CPU
		{834955B5-3111-4F13-92AE-5FC522C168BB}.Release|Any CPU.ActiveCfg = Release|Any CPU
		{834955B5-3111-4F13-92AE-5FC522C168BB}.Release|Any CPU.Build.0 = Release|Any CPU
		{9FB503A1-14C0-4135-A13C-4F681B91567A}.Debug|Any CPU.ActiveCfg = Debug|Any CPU
		{9FB503A1-14C0-4135-A13C-4F681B91567A}.Debug|Any CPU.Build.0 = Debug|Any CPU
		{9FB503A1-14C0-4135-A13C-4F681B91567A}.Release|Any CPU.ActiveCfg = Release|Any CPU
		{9FB503A1-14C0-4135-A13C-4F681B91567A}.Release|Any CPU.Build.0 = Release|Any CPU
		{B16198C3-A8D0-4AC9-9ABD-9C2D2C805391}.Debug|Any CPU.ActiveCfg = Debug|Any CPU
		{B16198C3-A8D0-4AC9-9ABD-9C2D2C805391}.Debug|Any CPU.Build.0 = Debug|Any CPU
		{B16198C3-A8D0-4AC9-9ABD-9C2D2C805391}.Release|Any CPU.ActiveCfg = Release|Any CPU
		{B16198C3-A8D0-4AC9-9ABD-9C2D2C805391}.Release|Any CPU.Build.0 = Release|Any CPU
		{50CAD6CC-FC69-4AA2-BC60-F4C4FFEF8341}.Debug|Any CPU.ActiveCfg = Debug|Any CPU
		{50CAD6CC-FC69-4AA2-BC60-F4C4FFEF8341}.Debug|Any CPU.Build.0 = Debug|Any CPU
		{50CAD6CC-FC69-4AA2-BC60-F4C4FFEF8341}.Release|Any CPU.ActiveCfg = Release|Any CPU
		{50CAD6CC-FC69-4AA2-BC60-F4C4FFEF8341}.Release|Any CPU.Build.0 = Release|Any CPU
		{A994F63E-9D4C-468A-8803-763191746B43}.Debug|Any CPU.ActiveCfg = Debug|Any CPU
		{A994F63E-9D4C-468A-8803-763191746B43}.Debug|Any CPU.Build.0 = Debug|Any CPU
		{A994F63E-9D4C-468A-8803-763191746B43}.Release|Any CPU.ActiveCfg = Release|Any CPU
		{A994F63E-9D4C-468A-8803-763191746B43}.Release|Any CPU.Build.0 = Release|Any CPU
		{C7C4F378-F82D-45D6-AE9A-F7A405082D1D}.Debug|Any CPU.ActiveCfg = Debug|Any CPU
		{C7C4F378-F82D-45D6-AE9A-F7A405082D1D}.Debug|Any CPU.Build.0 = Debug|Any CPU
		{C7C4F378-F82D-45D6-AE9A-F7A405082D1D}.Release|Any CPU.ActiveCfg = Release|Any CPU
		{C7C4F378-F82D-45D6-AE9A-F7A405082D1D}.Release|Any CPU.Build.0 = Release|Any CPU
		{0A702464-5E4D-4CAB-917C-B4E3ABFF14C8}.Debug|Any CPU.ActiveCfg = Debug|Any CPU
		{0A702464-5E4D-4CAB-917C-B4E3ABFF14C8}.Debug|Any CPU.Build.0 = Debug|Any CPU
		{0A702464-5E4D-4CAB-917C-B4E3ABFF14C8}.Release|Any CPU.ActiveCfg = Release|Any CPU
		{0A702464-5E4D-4CAB-917C-B4E3ABFF14C8}.Release|Any CPU.Build.0 = Release|Any CPU
		{CA530629-7932-43FE-85E9-ACD1CA801A22}.Debug|Any CPU.ActiveCfg = Debug|Any CPU
		{CA530629-7932-43FE-85E9-ACD1CA801A22}.Debug|Any CPU.Build.0 = Debug|Any CPU
		{CA530629-7932-43FE-85E9-ACD1CA801A22}.Release|Any CPU.ActiveCfg = Release|Any CPU
		{CA530629-7932-43FE-85E9-ACD1CA801A22}.Release|Any CPU.Build.0 = Release|Any CPU
		{4657A68D-304D-4FF3-AAE9-924E12291DBC}.Debug|Any CPU.ActiveCfg = Debug|Any CPU
		{4657A68D-304D-4FF3-AAE9-924E12291DBC}.Debug|Any CPU.Build.0 = Debug|Any CPU
		{4657A68D-304D-4FF3-AAE9-924E12291DBC}.Release|Any CPU.ActiveCfg = Release|Any CPU
		{4657A68D-304D-4FF3-AAE9-924E12291DBC}.Release|Any CPU.Build.0 = Release|Any CPU
	EndGlobalSection
	GlobalSection(SolutionProperties) = preSolution
		HideSolutionNode = FALSE
	EndGlobalSection
	GlobalSection(NestedProjects) = preSolution
		{0BC13E86-2791-432F-AA86-67E3988A67CB} = {8B0F6FD0-BDD9-4D69-A5E8-0328FAFE7950}
		{D3E2B134-F943-4FD9-8AF2-E3A2ED68EAB0} = {8B0F6FD0-BDD9-4D69-A5E8-0328FAFE7950}
		{25E74405-E859-4A5B-8429-B70B3C1CD2CE} = {8B0F6FD0-BDD9-4D69-A5E8-0328FAFE7950}
		{00FD737E-3AF7-42FE-AD4B-32A310765F01} = {8B0F6FD0-BDD9-4D69-A5E8-0328FAFE7950}
		{B72CF483-2690-498B-9146-813A2A7E7B2A} = {8B0F6FD0-BDD9-4D69-A5E8-0328FAFE7950}
		{CF34BD3B-9082-4229-A832-11068C69B9A4} = {8B0F6FD0-BDD9-4D69-A5E8-0328FAFE7950}
		{3941827F-82A6-41B7-9346-FFDB8B227174} = {98E00225-7C87-4488-8770-9264D366724A}
		{09E43E8B-EFB6-4F7A-8545-336F7391BC19} = {98E00225-7C87-4488-8770-9264D366724A}
		{B44864B5-7BF6-4EA3-8F91-5601A78D25F2} = {98E00225-7C87-4488-8770-9264D366724A}
		{018026D9-0CFA-4A6E-A5F5-F05EAEB446BB} = {98E00225-7C87-4488-8770-9264D366724A}
		{3762C0CD-7828-4DD3-BC7B-3D7E2EFC5B88} = {0485560D-C46E-48C0-9FF3-2767B80207EC}
		{69FD7FBC-815B-44F9-A706-27574A33C6DE} = {0485560D-C46E-48C0-9FF3-2767B80207EC}
		{834955B5-3111-4F13-92AE-5FC522C168BB} = {0485560D-C46E-48C0-9FF3-2767B80207EC}
		{9FB503A1-14C0-4135-A13C-4F681B91567A} = {37A96548-F23C-440C-A515-B7B51857891C}
		{B16198C3-A8D0-4AC9-9ABD-9C2D2C805391} = {37A96548-F23C-440C-A515-B7B51857891C}
		{50CAD6CC-FC69-4AA2-BC60-F4C4FFEF8341} = {37A96548-F23C-440C-A515-B7B51857891C}
		{A994F63E-9D4C-468A-8803-763191746B43} = {37A96548-F23C-440C-A515-B7B51857891C}
		{C7C4F378-F82D-45D6-AE9A-F7A405082D1D} = {37A96548-F23C-440C-A515-B7B51857891C}
		{0A702464-5E4D-4CAB-917C-B4E3ABFF14C8} = {37A96548-F23C-440C-A515-B7B51857891C}
		{CA530629-7932-43FE-85E9-ACD1CA801A22} = {846F4DCB-C5DB-4058-9092-B97EA88CD7DC}
		{4657A68D-304D-4FF3-AAE9-924E12291DBC} = {846F4DCB-C5DB-4058-9092-B97EA88CD7DC}
	EndGlobalSection
	GlobalSection(ExtensibilityGlobals) = postSolution
		SolutionGuid = {7391AFFE-546C-4B39-ACF8-84648D9511FB}
	EndGlobalSection
EndGlobal
